github.com/akutz/sortfold v0.2.1 h1:u9x3FC6oM+6gZKEVNRnmVafJgappwrv9YqpELQCYViI=
github.com/akutz/sortfold v0.2.1/go.mod h1:m1NArmessx+/3z2N8MiiTjq79A3WwZwDDiZ7eeD4jHA=
github.com/etcd-io/bbolt v1.3.1-etcd.8.0.20181208010242-22d122a8b910 h1:AiZO8oz3n+WViapj2OBu7/gGpyiqHtfppD1cwkvvypk=
github.com/etcd-io/bbolt v1.3.1-etcd.8.0.20181208010242-22d122a8b910/go.mod h1:ZF2nL25h33cCyBtcyWeZ2/I3HQOfTP+0PIEvHjkjCrw=
github.com/gorilla/context v1.1.2 h1:WRkNAv2uoa03QNIc1A6u4O7DAGMUVoopZhkiXWA2V1o=
github.com/gorilla/context v1.1.2/go.mod h1:KDPwT9i/MeWHiLl90fuTgrt4/wPcv75vFAZLaOOcbxM=
github.com/gorilla/handlers v1.4.0 h1:XulKRWSQK5uChr4pEgSE4Tc/OcmnU9GJuSwdog/tZsA=
github.com/gorilla/handlers v1.4.0/go.mod h1:Qkdc/uu4tH4g6mTK6auzZ766c4CA0Ng8+o/OAirnOIQ=
github.com/gorilla/mux v1.6.2 h1:Pgr17XVTNXAk3q/r4CpKzC5xBM/qW1uVLV+IhRZpIIk=
github.com/gorilla/mux v1.6.2/go.mod h1:1lud6UwP+6orDFRuTfBEV8e9/aOM/c4fVVCaMa2zaAs=
github.com/lib/pq v1.0.0/go.mod h1:5WUZQaWbwv1U+lTReE5YruASi9Al49XbQIvNi/34Woo=
github.com/peter-mount/go-glob v0.0.0-20170128012129-256dc444b735 h1:QpAAxQdD+sU4e6eR51/j+X+PlHn83Q7D25WHSlBuJP0=
github.com/peter-mount/go-glob v0.0.0-20170128012129-256dc444b735/go.mod h1:aYPyGx1MiwBE6VyKh0ZI86gs6slTCjLBmALWPrtH2tk=
github.com/peter-mount/go.uuid v1.2.1-0.20180103174451-36e9d2ebbde5 h1:mPANQ3ld3VZw2xca9X6jVn81G0sVU0kwDkyWmpNGe3Q=
github.com/peter-mount/go.uuid v1.2.1-0.20180103174451-36e9d2ebbde5/go.mod h1:bIdA9mLoQbm4AJAhsBaZCa66dbauxGIvGR9NyakZ3yA=
github.com/peter-mount/golib v0.0.0-20181214134500-eb1182399956 h1:ZSCL6HJVGr7QiLB5mIuC2g5XkF7kihu/ptlZLkpH1zY=
github.com/peter-mount/golib v0.0.0-20181214134500-eb1182399956/go.mod h1:ygRPTOfmBI62J1RDwUM/tfMCdGOP2MjR9MS3/i5/7to=
github.com/peter-mount/sortfold v0.2.1 h1:w99AAOSr/6zdPFikFrxgmT8y99AybFYm0IZwV/m6J7U=
github.com/peter-mount/sortfold v0.2.1/go.mod h1:gjLCuYMi5CkUVrz9C81vmdx2UmWH84/tYaV6lQPRa6s=
github.com/streadway/amqp v0.0.0-20181205114330-a314942b2fd9 h1:37QTz/gdHBLQcsmgMTnQDSWCtKzJ7YnfI2M2yTdr4BQ=
github.com/streadway/amqp v0.0.0-20181205114330-a314942b2fd9/go.mod h1:1WNBiOZtZQLpVAyu0iTduoJL9hEsMloAK5XWrtW0xdY=
go.etcd.io/bbolt v1.3.8 h1:xs88BrvEv273UsB79e0hcVrlUWmS0a8upikMFhSyAtA=
go.etcd.io/bbolt v1.3.8/go.mod h1:N9Mkw9X8x5fupy0IKsmuqVtoGDyxsaDlbk4Rd05IAQw=
golang.org/x/net v0.0.0-20181213202711-891ebc4b82d6/go.mod h1:mL1N/T3taQHkDXs73rZJwtUhF3w3ftmwwsq0BUmARs4=
golang.org/x/net v0.17.0 h1:pVaXccu2ozPjCXewfr1S7xza/zcXTity9cCdXQYSjIM=
golang.org/x/net v0.17.0/go.mod h1:NxSsAGuq816PNPmqtQdLE42eU2Fs7NoRIZrHJAlaCOE=
golang.org/x/sys v0.13.0 h1:Af8nKPmuFypiUBjVoU9V20FiaFXOcuZI21p0ycVYYGE=
golang.org/x/sys v0.13.0/go.mod h1:oPkhp1MJrh7nUepCBck5+mAzfO9JrbApNNgaTdGDITg=
golang.org/x/text v0.3.0/go.mod h1:NqM8EUOU14njkJ3fqMW+pc6Ldnwhi/IjpwHt7yyuwOQ=
golang.org/x/text v0.13.0 h1:ablQoSUd0tRdKxZewP80B+BaqeKJuVhuRxj/dkrun3k=
golang.org/x/text v0.13.0/go.mod h1:TvPlkZtksWOMsz7fbANvkp4WM8x/WCo/om8BMLbz+aE=
gopkg.in/check.v1 v0.0.0-20161208181325-20d25e280405 h1:yhCVgyC4o1eVCa2tZl7eS0r+SDo693bJlVdllGtEeKM=
gopkg.in/check.v1 v0.0.0-20161208181325-20d25e280405/go.mod h1:Co6ibVJAznAaIkqp8huTwlJQCZ016jof/cbN4VW5Yz0=
gopkg.in/mgo.v2 v2.0.0-20180705113604-9856a29383ce h1:xcEWjVhvbDy+nHP67nPDDpbYrY+ILlfndk4bRioVHaU=
gopkg.in/mgo.v2 v2.0.0-20180705113604-9856a29383ce/go.mod h1:yeKp02qBN3iKW1OzL3MGk2IdtZzaj7SFntXj72NppTA=
gopkg.in/robfig/cron.v2 v2.0.0-20150107220207-be2e0b0deed5/go.mod h1:hiOFpYm0ZJbusNj2ywpbrXowU3G8U6GIQzqn2mw1UIE=
gopkg.in/yaml.v2 v2.4.0 h1:D8xgwECY7CYvx+Y2n4sBz93Jn9JRvxdiyyo8CTfuKaY=
gopkg.in/yaml.v2 v2.4.0/go.mod h1:RDklbk79AGWmwhnvt/jBztapEOGDOx6ZbXqjP6csGnQ=
